
Microsoft Visual Studio Solution File, Format Version 9.00
# Visual Studio 2005
Project("{8BC9CEB8-8B4A-11D0-8D11-00A0C91BC942}") = "exportrsa.W7", "exportrsa\exportrsa.W7.vcproj", "{F82F70FE-5F82-46E7-9F7B-6D3C06E8AF51}"
EndProject
Global
	GlobalSection(SolutionConfigurationPlatforms) = preSolution
		W7 checked (PREfast)|Win32 = W7 checked (PREfast)|Win32
		W7 checked|Win32 = W7 checked|Win32
		W7 free|Win32 = W7 free|Win32
		W7LH checked (PREfast)|Win32 = W7LH checked (PREfast)|Win32
		W7LH checked|Win32 = W7LH checked|Win32
		W7LH free|Win32 = W7LH free|Win32
		W7LHX64 checked (PREfast)|Win32 = W7LHX64 checked (PREfast)|Win32
		W7LHX64 checked|Win32 = W7LHX64 checked|Win32
		W7LHX64 free|Win32 = W7LHX64 free|Win32
		W7NET checked (PREfast)|Win32 = W7NET checked (PREfast)|Win32
		W7NET checked|Win32 = W7NET checked|Win32
		W7NET free|Win32 = W7NET free|Win32
		W7NETX64 checked (PREfast)|Win32 = W7NETX64 checked (PREfast)|Win32
		W7NETX64 checked|Win32 = W7NETX64 checked|Win32
		W7NETX64 free|Win32 = W7NETX64 free|Win32
		W7X64 checked (PREfast)|Win32 = W7X64 checked (PREfast)|Win32
		W7X64 checked|Win32 = W7X64 checked|Win32
		W7X64 free|Win32 = W7X64 free|Win32
		W7XP checked (PREfast)|Win32 = W7XP checked (PREfast)|Win32
		W7XP checked|Win32 = W7XP checked|Win32
		W7XP free|Win32 = W7XP free|Win32
		WLH checked (PREfast)|Win32 = WLH checked (PREfast)|Win32
		WLH checked|Win32 = WLH checked|Win32
		WLH free|Win32 = WLH free|Win32
		WLH2K checked (PREfast)|Win32 = WLH2K checked (PREfast)|Win32
		WLH2K checked|Win32 = WLH2K checked|Win32
		WLH2K free|Win32 = WLH2K free|Win32
		WLHNET checked (PREfast)|Win32 = WLHNET checked (PREfast)|Win32
		WLHNET checked|Win32 = WLHNET checked|Win32
		WLHNET free|Win32 = WLHNET free|Win32
		WLHNETX64 checked (PREfast)|Win32 = WLHNETX64 checked (PREfast)|Win32
		WLHNETX64 checked|Win32 = WLHNETX64 checked|Win32
		WLHNETX64 free|Win32 = WLHNETX64 free|Win32
		WLHX64 checked (PREfast)|Win32 = WLHX64 checked (PREfast)|Win32
		WLHX64 checked|Win32 = WLHX64 checked|Win32
		WLHX64 free|Win32 = WLHX64 free|Win32
		WLHXP checked (PREfast)|Win32 = WLHXP checked (PREfast)|Win32
		WLHXP checked|Win32 = WLHXP checked|Win32
		WLHXP free|Win32 = WLHXP free|Win32
		WNET checked (PREfast)|Win32 = WNET checked (PREfast)|Win32
		WNET checked|Win32 = WNET checked|Win32
		WNET free|Win32 = WNET free|Win32
		WNET2K checked (PREfast)|Win32 = WNET2K checked (PREfast)|Win32
		WNET2K checked|Win32 = WNET2K checked|Win32
		WNET2K free|Win32 = WNET2K free|Win32
		WNETAMD64 checked (PREfast)|Win32 = WNETAMD64 checked (PREfast)|Win32
		WNETAMD64 checked|Win32 = WNETAMD64 checked|Win32
		WNETAMD64 free|Win32 = WNETAMD64 free|Win32
		WNETXP checked (PREfast)|Win32 = WNETXP checked (PREfast)|Win32
		WNETXP checked|Win32 = WNETXP checked|Win32
		WNETXP free|Win32 = WNETXP free|Win32
	EndGlobalSection
	GlobalSection(ProjectConfigurationPlatforms) = postSolution
		{F82F70FE-5F82-46E7-9F7B-6D3C06E8AF51}.W7 checked (PREfast)|Win32.ActiveCfg = W7 checked (PREfast)|Win32
		{F82F70FE-5F82-46E7-9F7B-6D3C06E8AF51}.W7 checked (PREfast)|Win32.Build.0 = W7 checked (PREfast)|Win32
		{F82F70FE-5F82-46E7-9F7B-6D3C06E8AF51}.W7 checked (PREfast)|Win32.Deploy.0 = W7 checked (PREfast)|Win32
		{F82F70FE-5F82-46E7-9F7B-6D3C06E8AF51}.W7 checked|Win32.ActiveCfg = W7 checked|Win32
		{F82F70FE-5F82-46E7-9F7B-6D3C06E8AF51}.W7 checked|Win32.Build.0 = W7 checked|Win32
		{F82F70FE-5F82-46E7-9F7B-6D3C06E8AF51}.W7 checked|Win32.Deploy.0 = W7 checked|Win32
		{F82F70FE-5F82-46E7-9F7B-6D3C06E8AF51}.W7 free|Win32.ActiveCfg = W7 free|Win32
		{F82F70FE-5F82-46E7-9F7B-6D3C06E8AF51}.W7 free|Win32.Build.0 = W7 free|Win32
		{F82F70FE-5F82-46E7-9F7B-6D3C06E8AF51}.W7 free|Win32.Deploy.0 = W7 free|Win32
		{F82F70FE-5F82-46E7-9F7B-6D3C06E8AF51}.W7LH checked (PREfast)|Win32.ActiveCfg = W7LH checked (PREfast)|Win32
		{F82F70FE-5F82-46E7-9F7B-6D3C06E8AF51}.W7LH checked (PREfast)|Win32.Build.0 = W7LH checked (PREfast)|Win32
		{F82F70FE-5F82-46E7-9F7B-6D3C06E8AF51}.W7LH checked (PREfast)|Win32.Deploy.0 = W7LH checked (PREfast)|Win32
		{F82F70FE-5F82-46E7-9F7B-6D3C06E8AF51}.W7LH checked|Win32.ActiveCfg = W7LH checked|Win32
		{F82F70FE-5F82-46E7-9F7B-6D3C06E8AF51}.W7LH checked|Win32.Build.0 = W7LH checked|Win32
		{F82F70FE-5F82-46E7-9F7B-6D3C06E8AF51}.W7LH checked|Win32.Deploy.0 = W7LH checked|Win32
		{F82F70FE-5F82-46E7-9F7B-6D3C06E8AF51}.W7LH free|Win32.ActiveCfg = W7LH free|Win32
		{F82F70FE-5F82-46E7-9F7B-6D3C06E8AF51}.W7LH free|Win32.Build.0 = W7LH free|Win32
		{F82F70FE-5F82-46E7-9F7B-6D3C06E8AF51}.W7LH free|Win32.Deploy.0 = W7LH free|Win32
		{F82F70FE-5F82-46E7-9F7B-6D3C06E8AF51}.W7LHX64 checked (PREfast)|Win32.ActiveCfg = W7LHX64 checked (PREfast)|Win32
		{F82F70FE-5F82-46E7-9F7B-6D3C06E8AF51}.W7LHX64 checked (PREfast)|Win32.Build.0 = W7LHX64 checked (PREfast)|Win32
		{F82F70FE-5F82-46E7-9F7B-6D3C06E8AF51}.W7LHX64 checked (PREfast)|Win32.Deploy.0 = W7LHX64 checked (PREfast)|Win32
		{F82F70FE-5F82-46E7-9F7B-6D3C06E8AF51}.W7LHX64 checked|Win32.ActiveCfg = W7LHX64 checked|Win32
		{F82F70FE-5F82-46E7-9F7B-6D3C06E8AF51}.W7LHX64 checked|Win32.Build.0 = W7LHX64 checked|Win32
		{F82F70FE-5F82-46E7-9F7B-6D3C06E8AF51}.W7LHX64 checked|Win32.Deploy.0 = W7LHX64 checked|Win32
		{F82F70FE-5F82-46E7-9F7B-6D3C06E8AF51}.W7LHX64 free|Win32.ActiveCfg = W7LHX64 free|Win32
		{F82F70FE-5F82-46E7-9F7B-6D3C06E8AF51}.W7LHX64 free|Win32.Build.0 = W7LHX64 free|Win32
		{F82F70FE-5F82-46E7-9F7B-6D3C06E8AF51}.W7LHX64 free|Win32.Deploy.0 = W7LHX64 free|Win32
		{F82F70FE-5F82-46E7-9F7B-6D3C06E8AF51}.W7NET checked (PREfast)|Win32.ActiveCfg = W7NET checked (PREfast)|Win32
		{F82F70FE-5F82-46E7-9F7B-6D3C06E8AF51}.W7NET checked (PREfast)|Win32.Build.0 = W7NET checked (PREfast)|Win32
		{F82F70FE-5F82-46E7-9F7B-6D3C06E8AF51}.W7NET checked (PREfast)|Win32.Deploy.0 = W7NET checked (PREfast)|Win32
		{F82F70FE-5F82-46E7-9F7B-6D3C06E8AF51}.W7NET checked|Win32.ActiveCfg = W7NET checked|Win32
		{F82F70FE-5F82-46E7-9F7B-6D3C06E8AF51}.W7NET checked|Win32.Build.0 = W7NET checked|Win32
		{F82F70FE-5F82-46E7-9F7B-6D3C06E8AF51}.W7NET checked|Win32.Deploy.0 = W7NET checked|Win32
		{F82F70FE-5F82-46E7-9F7B-6D3C06E8AF51}.W7NET free|Win32.ActiveCfg = W7NET free|Win32
		{F82F70FE-5F82-46E7-9F7B-6D3C06E8AF51}.W7NET free|Win32.Build.0 = W7NET free|Win32
		{F82F70FE-5F82-46E7-9F7B-6D3C06E8AF51}.W7NET free|Win32.Deploy.0 = W7NET free|Win32
		{F82F70FE-5F82-46E7-9F7B-6D3C06E8AF51}.W7NETX64 checked (PREfast)|Win32.ActiveCfg = W7NETX64 checked (PREfast)|Win32
		{F82F70FE-5F82-46E7-9F7B-6D3C06E8AF51}.W7NETX64 checked (PREfast)|Win32.Build.0 = W7NETX64 checked (PREfast)|Win32
		{F82F70FE-5F82-46E7-9F7B-6D3C06E8AF51}.W7NETX64 checked (PREfast)|Win32.Deploy.0 = W7NETX64 checked (PREfast)|Win32
		{F82F70FE-5F82-46E7-9F7B-6D3C06E8AF51}.W7NETX64 checked|Win32.ActiveCfg = W7NETX64 checked|Win32
		{F82F70FE-5F82-46E7-9F7B-6D3C06E8AF51}.W7NETX64 checked|Win32.Build.0 = W7NETX64 checked|Win32
		{F82F70FE-5F82-46E7-9F7B-6D3C06E8AF51}.W7NETX64 checked|Win32.Deploy.0 = W7NETX64 checked|Win32
		{F82F70FE-5F82-46E7-9F7B-6D3C06E8AF51}.W7NETX64 free|Win32.ActiveCfg = W7NETX64 free|Win32
		{F82F70FE-5F82-46E7-9F7B-6D3C06E8AF51}.W7NETX64 free|Win32.Build.0 = W7NETX64 free|Win32
		{F82F70FE-5F82-46E7-9F7B-6D3C06E8AF51}.W7NETX64 free|Win32.Deploy.0 = W7NETX64 free|Win32
		{F82F70FE-5F82-46E7-9F7B-6D3C06E8AF51}.W7X64 checked (PREfast)|Win32.ActiveCfg = W7X64 checked (PREfast)|Win32
		{F82F70FE-5F82-46E7-9F7B-6D3C06E8AF51}.W7X64 checked (PREfast)|Win32.Build.0 = W7X64 checked (PREfast)|Win32
		{F82F70FE-5F82-46E7-9F7B-6D3C06E8AF51}.W7X64 checked (PREfast)|Win32.Deploy.0 = W7X64 checked (PREfast)|Win32
		{F82F70FE-5F82-46E7-9F7B-6D3C06E8AF51}.W7X64 checked|Win32.ActiveCfg = W7X64 checked|Win32
		{F82F70FE-5F82-46E7-9F7B-6D3C06E8AF51}.W7X64 checked|Win32.Build.0 = W7X64 checked|Win32
		{F82F70FE-5F82-46E7-9F7B-6D3C06E8AF51}.W7X64 checked|Win32.Deploy.0 = W7X64 checked|Win32
		{F82F70FE-5F82-46E7-9F7B-6D3C06E8AF51}.W7X64 free|Win32.ActiveCfg = W7X64 free|Win32
		{F82F70FE-5F82-46E7-9F7B-6D3C06E8AF51}.W7X64 free|Win32.Build.0 = W7X64 free|Win32
		{F82F70FE-5F82-46E7-9F7B-6D3C06E8AF51}.W7X64 free|Win32.Deploy.0 = W7X64 free|Win32
		{F82F70FE-5F82-46E7-9F7B-6D3C06E8AF51}.W7XP checked (PREfast)|Win32.ActiveCfg = W7XP checked (PREfast)|Win32
		{F82F70FE-5F82-46E7-9F7B-6D3C06E8AF51}.W7XP checked (PREfast)|Win32.Build.0 = W7XP checked (PREfast)|Win32
		{F82F70FE-5F82-46E7-9F7B-6D3C06E8AF51}.W7XP checked (PREfast)|Win32.Deploy.0 = W7XP checked (PREfast)|Win32
		{F82F70FE-5F82-46E7-9F7B-6D3C06E8AF51}.W7XP checked|Win32.ActiveCfg = W7XP checked|Win32
		{F82F70FE-5F82-46E7-9F7B-6D3C06E8AF51}.W7XP checked|Win32.Build.0 = W7XP checked|Win32
		{F82F70FE-5F82-46E7-9F7B-6D3C06E8AF51}.W7XP checked|Win32.Deploy.0 = W7XP checked|Win32
		{F82F70FE-5F82-46E7-9F7B-6D3C06E8AF51}.W7XP free|Win32.ActiveCfg = W7XP free|Win32
		{F82F70FE-5F82-46E7-9F7B-6D3C06E8AF51}.W7XP free|Win32.Build.0 = W7XP free|Win32
		{F82F70FE-5F82-46E7-9F7B-6D3C06E8AF51}.W7XP free|Win32.Deploy.0 = W7XP free|Win32
		{F82F70FE-5F82-46E7-9F7B-6D3C06E8AF51}.WLH checked (PREfast)|Win32.ActiveCfg = W7XP checked (PREfast)|Win32
		{F82F70FE-5F82-46E7-9F7B-6D3C06E8AF51}.WLH checked|Win32.ActiveCfg = W7XP checked (PREfast)|Win32
		{F82F70FE-5F82-46E7-9F7B-6D3C06E8AF51}.WLH free|Win32.ActiveCfg = W7XP checked (PREfast)|Win32
		{F82F70FE-5F82-46E7-9F7B-6D3C06E8AF51}.WLH2K checked (PREfast)|Win32.ActiveCfg = W7XP checked (PREfast)|Win32
		{F82F70FE-5F82-46E7-9F7B-6D3C06E8AF51}.WLH2K checked|Win32.ActiveCfg = W7XP checked (PREfast)|Win32
		{F82F70FE-5F82-46E7-9F7B-6D3C06E8AF51}.WLH2K free|Win32.ActiveCfg = W7XP checked (PREfast)|Win32
		{F82F70FE-5F82-46E7-9F7B-6D3C06E8AF51}.WLHNET checked (PREfast)|Win32.ActiveCfg = W7XP checked (PREfast)|Win32
		{F82F70FE-5F82-46E7-9F7B-6D3C06E8AF51}.WLHNET checked|Win32.ActiveCfg = W7XP checked (PREfast)|Win32
		{F82F70FE-5F82-46E7-9F7B-6D3C06E8AF51}.WLHNET free|Win32.ActiveCfg = W7XP checked (PREfast)|Win32
		{F82F70FE-5F82-46E7-9F7B-6D3C06E8AF51}.WLHNETX64 checked (PREfast)|Win32.ActiveCfg = W7XP checked (PREfast)|Win32
		{F82F70FE-5F82-46E7-9F7B-6D3C06E8AF51}.WLHNETX64 checked|Win32.ActiveCfg = W7XP checked (PREfast)|Win32
		{F82F70FE-5F82-46E7-9F7B-6D3C06E8AF51}.WLHNETX64 free|Win32.ActiveCfg = W7XP checked (PREfast)|Win32
		{F82F70FE-5F82-46E7-9F7B-6D3C06E8AF51}.WLHX64 checked (PREfast)|Win32.ActiveCfg = W7XP checked (PREfast)|Win32
		{F82F70FE-5F82-46E7-9F7B-6D3C06E8AF51}.WLHX64 checked|Win32.ActiveCfg = W7XP checked (PREfast)|Win32
		{F82F70FE-5F82-46E7-9F7B-6D3C06E8AF51}.WLHX64 free|Win32.ActiveCfg = W7XP checked (PREfast)|Win32
		{F82F70FE-5F82-46E7-9F7B-6D3C06E8AF51}.WLHXP checked (PREfast)|Win32.ActiveCfg = W7XP checked (PREfast)|Win32
		{F82F70FE-5F82-46E7-9F7B-6D3C06E8AF51}.WLHXP checked|Win32.ActiveCfg = W7XP checked (PREfast)|Win32
		{F82F70FE-5F82-46E7-9F7B-6D3C06E8AF51}.WLHXP free|Win32.ActiveCfg = W7XP checked (PREfast)|Win32
		{F82F70FE-5F82-46E7-9F7B-6D3C06E8AF51}.WNET checked (PREfast)|Win32.ActiveCfg = W7XP checked (PREfast)|Win32
		{F82F70FE-5F82-46E7-9F7B-6D3C06E8AF51}.WNET checked|Win32.ActiveCfg = W7XP checked (PREfast)|Win32
		{F82F70FE-5F82-46E7-9F7B-6D3C06E8AF51}.WNET free|Win32.ActiveCfg = W7XP checked (PREfast)|Win32
		{F82F70FE-5F82-46E7-9F7B-6D3C06E8AF51}.WNET2K checked (PREfast)|Win32.ActiveCfg = W7XP checked (PREfast)|Win32
		{F82F70FE-5F82-46E7-9F7B-6D3C06E8AF51}.WNET2K checked|Win32.ActiveCfg = W7XP checked (PREfast)|Win32
		{F82F70FE-5F82-46E7-9F7B-6D3C06E8AF51}.WNET2K free|Win32.ActiveCfg = W7XP checked (PREfast)|Win32
		{F82F70FE-5F82-46E7-9F7B-6D3C06E8AF51}.WNETAMD64 checked (PREfast)|Win32.ActiveCfg = W7XP checked (PREfast)|Win32
		{F82F70FE-5F82-46E7-9F7B-6D3C06E8AF51}.WNETAMD64 checked|Win32.ActiveCfg = W7XP checked (PREfast)|Win32
		{F82F70FE-5F82-46E7-9F7B-6D3C06E8AF51}.WNETAMD64 free|Win32.ActiveCfg = W7XP checked (PREfast)|Win32
		{F82F70FE-5F82-46E7-9F7B-6D3C06E8AF51}.WNETXP checked (PREfast)|Win32.ActiveCfg = W7XP checked (PREfast)|Win32
		{F82F70FE-5F82-46E7-9F7B-6D3C06E8AF51}.WNETXP checked|Win32.ActiveCfg = W7XP checked (PREfast)|Win32
		{F82F70FE-5F82-46E7-9F7B-6D3C06E8AF51}.WNETXP free|Win32.ActiveCfg = W7XP checked (PREfast)|Win32
	EndGlobalSection
	GlobalSection(SolutionProperties) = preSolution
		HideSolutionNode = FALSE
	EndGlobalSection
EndGlobal
